{
    "name": "CGLabs",
    "version": "1.0.0",
    "lockfileVersion": 2,
    "requires": true,
    "packages": {
        "": {
            "name": "CGLabs",
            "version": "1.0.0",
            "license": "ISC",
            "dependencies": {
                "@types/three": "^0.125.3",
                "CGLabs": "file:",
                "three-mtl-loader": "^1.0.2"
            }
        },
        "node_modules/@types/three": {
            "version": "0.125.3",
            "resolved": "https://registry.npmjs.org/@types/three/-/three-0.125.3.tgz",
            "integrity": "sha512-tUPMzKooKDvMOhqcNVUPwkt+JNnF8ASgWSsrLgleVd0SjLj4boJhteSsF9f6YDjye0mmUjO+BDMWW83F97ehXA=="
        },
        "node_modules/CGLabs": {
            "resolved": "",
            "link": true
        },
        "node_modules/three": {
            "version": "0.87.1",
            "resolved": "https://registry.npmjs.org/three/-/three-0.87.1.tgz",
            "integrity": "sha1-Rmo07cRUNFnO2bnX0na2Uhb+K6g="
        },
        "node_modules/three-mtl-loader": {
            "version": "1.0.2",
            "resolved": "https://registry.npmjs.org/three-mtl-loader/-/three-mtl-loader-1.0.2.tgz",
            "integrity": "sha512-GqDrWC5rbi+0/gp999S4lpCSHroBEfe9NqmH165orG0QhXeknL/eSNVMJUWBNgg2sBW7vlqVNWD/P0kdHeGC9g==",
            "dependencies": {
                "three": "^0.87.1"
            }
        }
    },
    "dependencies": {
        "@types/three": {
            "version": "0.125.3",
            "resolved": "https://registry.npmjs.org/@types/three/-/three-0.125.3.tgz",
            "integrity": "sha512-tUPMzKooKDvMOhqcNVUPwkt+JNnF8ASgWSsrLgleVd0SjLj4boJhteSsF9f6YDjye0mmUjO+BDMWW83F97ehXA=="
        },
        "CGLabs": {
            "version": "file:",
            "requires": {
                "@types/three": "^0.125.3",
                "CGLabs": "file:",
                "three-mtl-loader": "^1.0.2"
            },
            "dependencies": {
                "@types/three": {
                    "version": "0.125.3",
                    "resolved": "https://registry.npmjs.org/@types/three/-/three-0.125.3.tgz",
                    "integrity": "sha512-tUPMzKooKDvMOhqcNVUPwkt+JNnF8ASgWSsrLgleVd0SjLj4boJhteSsF9f6YDjye0mmUjO+BDMWW83F97ehXA=="
                },
                "three": {
                    "version": "0.87.1",
                    "resolved": "https://registry.npmjs.org/three/-/three-0.87.1.tgz",
                    "integrity": "sha1-Rmo07cRUNFnO2bnX0na2Uhb+K6g="
                },
                "three-mtl-loader": {
                    "version": "1.0.2",
                    "resolved": "https://registry.npmjs.org/three-mtl-loader/-/three-mtl-loader-1.0.2.tgz",
                    "integrity": "sha512-GqDrWC5rbi+0/gp999S4lpCSHroBEfe9NqmH165orG0QhXeknL/eSNVMJUWBNgg2sBW7vlqVNWD/P0kdHeGC9g==",
                    "requires": {
                        "three": "^0.87.1"
                    }
                }
            }
        },
        "three": {
            "version": "0.87.1",
            "resolved": "https://registry.npmjs.org/three/-/three-0.87.1.tgz",
            "integrity": "sha1-Rmo07cRUNFnO2bnX0na2Uhb+K6g="
        },
        "three-mtl-loader": {
            "version": "1.0.2",
            "resolved": "https://registry.npmjs.org/three-mtl-loader/-/three-mtl-loader-1.0.2.tgz",
            "integrity": "sha512-GqDrWC5rbi+0/gp999S4lpCSHroBEfe9NqmH165orG0QhXeknL/eSNVMJUWBNgg2sBW7vlqVNWD/P0kdHeGC9g==",
            "requires": {
                "three": "^0.87.1"
            }
        }
    }
}
